// !$*UTF8*$!
{
	archiveVersion = 1;
	classes = {
	};
	objectVersion = 50;
	objects = {

/* Begin PBXBuildFile section */
		A535E0E7228199600005662B /* AppDelegate.swift in Sources */ = {isa = PBXBuildFile; fileRef = A535E0E6228199600005662B /* AppDelegate.swift */; };
		A535E0EC228199600005662B /* Main.storyboard in Resources */ = {isa = PBXBuildFile; fileRef = A535E0EA228199600005662B /* Main.storyboard */; };
		A535E0EE228199610005662B /* Assets.xcassets in Resources */ = {isa = PBXBuildFile; fileRef = A535E0ED228199610005662B /* Assets.xcassets */; };
		A535E0F1228199610005662B /* LaunchScreen.storyboard in Resources */ = {isa = PBXBuildFile; fileRef = A535E0EF228199610005662B /* LaunchScreen.storyboard */; };
		A552D54C22888B3600430BA8 /* LeadsViewController.swift in Sources */ = {isa = PBXBuildFile; fileRef = A552D54B22888B3600430BA8 /* LeadsViewController.swift */; };
		A552D54E22888EFE00430BA8 /* FreeLeadsViewController.swift in Sources */ = {isa = PBXBuildFile; fileRef = A552D54D22888EFE00430BA8 /* FreeLeadsViewController.swift */; };
		A552D5502288A86500430BA8 /* DetailedLeadViewController.swift in Sources */ = {isa = PBXBuildFile; fileRef = A552D54F2288A86500430BA8 /* DetailedLeadViewController.swift */; };
		A552D5552288B91400430BA8 /* LeadsTableViewCell.swift in Sources */ = {isa = PBXBuildFile; fileRef = A552D5522288B17800430BA8 /* LeadsTableViewCell.swift */; };
		A552D5592289584100430BA8 /* GeneralInfoTableViewCell.swift in Sources */ = {isa = PBXBuildFile; fileRef = A552D5582289584100430BA8 /* GeneralInfoTableViewCell.swift */; };
		A552D55B2289585300430BA8 /* ContactInfoTableViewCell.swift in Sources */ = {isa = PBXBuildFile; fileRef = A552D55A2289585300430BA8 /* ContactInfoTableViewCell.swift */; };
		A552D55D2289587D00430BA8 /* MovingDestinationTableViewCell.swift in Sources */ = {isa = PBXBuildFile; fileRef = A552D55C2289587D00430BA8 /* MovingDestinationTableViewCell.swift */; };
		A552D56122897E8400430BA8 /* DetailedTableViewHeaderCell.swift in Sources */ = {isa = PBXBuildFile; fileRef = A552D56022897E8400430BA8 /* DetailedTableViewHeaderCell.swift */; };
		D1B005FD2281A73900AD247A /* Lead.swift in Sources */ = {isa = PBXBuildFile; fileRef = D1B005FC2281A73900AD247A /* Lead.swift */; };
		D1B005FF2281B24900AD247A /* ApiLead.swift in Sources */ = {isa = PBXBuildFile; fileRef = D1B005FE2281B24900AD247A /* ApiLead.swift */; };
/* End PBXBuildFile section */

/* Begin PBXFileReference section */
		A535E0E3228199600005662B /* TriGlobal_MoverPortal.app */ = {isa = PBXFileReference; explicitFileType = wrapper.application; includeInIndex = 0; path = TriGlobal_MoverPortal.app; sourceTree = BUILT_PRODUCTS_DIR; };
		A535E0E6228199600005662B /* AppDelegate.swift */ = {isa = PBXFileReference; lastKnownFileType = sourcecode.swift; path = AppDelegate.swift; sourceTree = "<group>"; };
		A535E0EB228199600005662B /* Base */ = {isa = PBXFileReference; lastKnownFileType = file.storyboard; name = Base; path = Base.lproj/Main.storyboard; sourceTree = "<group>"; };
		A535E0ED228199610005662B /* Assets.xcassets */ = {isa = PBXFileReference; lastKnownFileType = folder.assetcatalog; path = Assets.xcassets; sourceTree = "<group>"; };
		A535E0F0228199610005662B /* Base */ = {isa = PBXFileReference; lastKnownFileType = file.storyboard; name = Base; path = Base.lproj/LaunchScreen.storyboard; sourceTree = "<group>"; };
		A535E0F2228199610005662B /* Info.plist */ = {isa = PBXFileReference; lastKnownFileType = text.plist.xml; path = Info.plist; sourceTree = "<group>"; };
		A552D54B22888B3600430BA8 /* LeadsViewController.swift */ = {isa = PBXFileReference; lastKnownFileType = sourcecode.swift; path = LeadsViewController.swift; sourceTree = "<group>"; };
		A552D54D22888EFE00430BA8 /* FreeLeadsViewController.swift */ = {isa = PBXFileReference; lastKnownFileType = sourcecode.swift; path = FreeLeadsViewController.swift; sourceTree = "<group>"; };
		A552D54F2288A86500430BA8 /* DetailedLeadViewController.swift */ = {isa = PBXFileReference; lastKnownFileType = sourcecode.swift; path = DetailedLeadViewController.swift; sourceTree = "<group>"; };
		A552D5522288B17800430BA8 /* LeadsTableViewCell.swift */ = {isa = PBXFileReference; lastKnownFileType = sourcecode.swift; path = LeadsTableViewCell.swift; sourceTree = "<group>"; };
		A552D5582289584100430BA8 /* GeneralInfoTableViewCell.swift */ = {isa = PBXFileReference; lastKnownFileType = sourcecode.swift; path = GeneralInfoTableViewCell.swift; sourceTree = "<group>"; };
		A552D55A2289585300430BA8 /* ContactInfoTableViewCell.swift */ = {isa = PBXFileReference; lastKnownFileType = sourcecode.swift; path = ContactInfoTableViewCell.swift; sourceTree = "<group>"; };
		A552D55C2289587D00430BA8 /* MovingDestinationTableViewCell.swift */ = {isa = PBXFileReference; lastKnownFileType = sourcecode.swift; path = MovingDestinationTableViewCell.swift; sourceTree = "<group>"; };
		A552D56022897E8400430BA8 /* DetailedTableViewHeaderCell.swift */ = {isa = PBXFileReference; lastKnownFileType = sourcecode.swift; path = DetailedTableViewHeaderCell.swift; sourceTree = "<group>"; };
		D1B005FC2281A73900AD247A /* Lead.swift */ = {isa = PBXFileReference; lastKnownFileType = sourcecode.swift; path = Lead.swift; sourceTree = "<group>"; };
		D1B005FE2281B24900AD247A /* ApiLead.swift */ = {isa = PBXFileReference; lastKnownFileType = sourcecode.swift; path = ApiLead.swift; sourceTree = "<group>"; };
/* End PBXFileReference section */

/* Begin PBXFrameworksBuildPhase section */
		A535E0E0228199600005662B /* Frameworks */ = {
			isa = PBXFrameworksBuildPhase;
			buildActionMask = 2147483647;
			files = (
			);
			runOnlyForDeploymentPostprocessing = 0;
		};
/* End PBXFrameworksBuildPhase section */

/* Begin PBXGroup section */
		A535E0DA228199600005662B = {
			isa = PBXGroup;
			children = (
				A535E0E5228199600005662B /* TriGlobal_MoverPortal */,
				A535E0E4228199600005662B /* Products */,
			);
			sourceTree = "<group>";
		};
		A535E0E4228199600005662B /* Products */ = {
			isa = PBXGroup;
			children = (
				A535E0E3228199600005662B /* TriGlobal_MoverPortal.app */,
			);
			name = Products;
			sourceTree = "<group>";
		};
		A535E0E5228199600005662B /* TriGlobal_MoverPortal */ = {
			isa = PBXGroup;
			children = (
				A535E0F2228199610005662B /* Info.plist */,
				A552D547228884EF00430BA8 /* HelperFiles */,
				A552D5512288B11600430BA8 /* Views */,
				A552D54A228886EA00430BA8 /* Controllers */,
				A552D5492288851C00430BA8 /* Model */,
				A535E0EA228199600005662B /* Main.storyboard */,
			);
			path = TriGlobal_MoverPortal;
			sourceTree = "<group>";
		};
		A552D547228884EF00430BA8 /* HelperFiles */ = {
			isa = PBXGroup;
			children = (
				A535E0E6228199600005662B /* AppDelegate.swift */,
				A535E0ED228199610005662B /* Assets.xcassets */,
				A535E0EF228199610005662B /* LaunchScreen.storyboard */,
			);
			path = HelperFiles;
			sourceTree = "<group>";
		};
		A552D5492288851C00430BA8 /* Model */ = {
			isa = PBXGroup;
			children = (
				D1B005FC2281A73900AD247A /* Lead.swift */,
				D1B005FE2281B24900AD247A /* ApiLead.swift */,
			);
			path = Model;
			sourceTree = "<group>";
		};
		A552D54A228886EA00430BA8 /* Controllers */ = {
			isa = PBXGroup;
			children = (
				A552D54B22888B3600430BA8 /* LeadsViewController.swift */,
				A552D54D22888EFE00430BA8 /* FreeLeadsViewController.swift */,
				A552D54F2288A86500430BA8 /* DetailedLeadViewController.swift */,
			);
			path = Controllers;
			sourceTree = "<group>";
		};
		A552D5512288B11600430BA8 /* Views */ = {
			isa = PBXGroup;
			children = (
				A552D5522288B17800430BA8 /* LeadsTableViewCell.swift */,
				A552D5582289584100430BA8 /* GeneralInfoTableViewCell.swift */,
				A552D55A2289585300430BA8 /* ContactInfoTableViewCell.swift */,
				A552D55C2289587D00430BA8 /* MovingDestinationTableViewCell.swift */,
				A552D56022897E8400430BA8 /* DetailedTableViewHeaderCell.swift */,
			);
			path = Views;
			sourceTree = "<group>";
		};
/* End PBXGroup section */

/* Begin PBXNativeTarget section */
		A535E0E2228199600005662B /* TriGlobal_MoverPortal */ = {
			isa = PBXNativeTarget;
			buildConfigurationList = A535E0F5228199610005662B /* Build configuration list for PBXNativeTarget "TriGlobal_MoverPortal" */;
			buildPhases = (
				A535E0DF228199600005662B /* Sources */,
				A535E0E0228199600005662B /* Frameworks */,
				A535E0E1228199600005662B /* Resources */,
			);
			buildRules = (
			);
			dependencies = (
			);
			name = TriGlobal_MoverPortal;
			productName = TriGlobal_MoverPortal;
			productReference = A535E0E3228199600005662B /* TriGlobal_MoverPortal.app */;
			productType = "com.apple.product-type.application";
		};
/* End PBXNativeTarget section */

/* Begin PBXProject section */
		A535E0DB228199600005662B /* Project object */ = {
			isa = PBXProject;
			attributes = {
				LastSwiftUpdateCheck = 1010;
				LastUpgradeCheck = 1010;
				ORGANIZATIONNAME = Narek;
				TargetAttributes = {
					A535E0E2228199600005662B = {
						CreatedOnToolsVersion = 10.1;
					};
				};
			};
			buildConfigurationList = A535E0DE228199600005662B /* Build configuration list for PBXProject "TriGlobal_MoverPortal" */;
			compatibilityVersion = "Xcode 9.3";
			developmentRegion = en;
			hasScannedForEncodings = 0;
			knownRegions = (
				en,
				Base,
			);
			mainGroup = A535E0DA228199600005662B;
			productRefGroup = A535E0E4228199600005662B /* Products */;
			projectDirPath = "";
			projectRoot = "";
			targets = (
				A535E0E2228199600005662B /* TriGlobal_MoverPortal */,
			);
		};
/* End PBXProject section */

/* Begin PBXResourcesBuildPhase section */
		A535E0E1228199600005662B /* Resources */ = {
			isa = PBXResourcesBuildPhase;
			buildActionMask = 2147483647;
			files = (
				A535E0F1228199610005662B /* LaunchScreen.storyboard in Resources */,
				A535E0EE228199610005662B /* Assets.xcassets in Resources */,
				A535E0EC228199600005662B /* Main.storyboard in Resources */,
			);
			runOnlyForDeploymentPostprocessing = 0;
		};
/* End PBXResourcesBuildPhase section */

/* Begin PBXSourcesBuildPhase section */
		A535E0DF228199600005662B /* Sources */ = {
			isa = PBXSourcesBuildPhase;
			buildActionMask = 2147483647;
			files = (
				A552D54C22888B3600430BA8 /* LeadsViewController.swift in Sources */,
				A552D56122897E8400430BA8 /* DetailedTableViewHeaderCell.swift in Sources */,
				D1B005FF2281B24900AD247A /* ApiLead.swift in Sources */,
				D1B005FD2281A73900AD247A /* Lead.swift in Sources */,
				A552D54E22888EFE00430BA8 /* FreeLeadsViewController.swift in Sources */,
				A552D5552288B91400430BA8 /* LeadsTableViewCell.swift in Sources */,
				A552D5502288A86500430BA8 /* DetailedLeadViewController.swift in Sources */,
				A552D55D2289587D00430BA8 /* MovingDestinationTableViewCell.swift in Sources */,
				A552D5592289584100430BA8 /* GeneralInfoTableViewCell.swift in Sources */,
				A535E0E7228199600005662B /* AppDelegate.swift in Sources */,
				A552D55B2289585300430BA8 /* ContactInfoTableViewCell.swift in Sources */,
			);
			runOnlyForDeploymentPostprocessing = 0;
		};
/* End PBXSourcesBuildPhase section */

/* Begin PBXVariantGroup section */
		A535E0EA228199600005662B /* Main.storyboard */ = {
			isa = PBXVariantGroup;
			children = (
				A535E0EB228199600005662B /* Base */,
			);
			name = Main.storyboard;
			sourceTree = "<group>";
		};
		A535E0EF228199610005662B /* LaunchScreen.storyboard */ = {
			isa = PBXVariantGroup;
			children = (
				A535E0F0228199610005662B /* Base */,
			);
			name = LaunchScreen.storyboard;
			sourceTree = "<group>";
		};
/* End PBXVariantGroup section */

/* Begin XCBuildConfiguration section */
		A535E0F3228199610005662B /* Debug */ = {
			isa = XCBuildConfiguration;
			buildSettings = {
				ALWAYS_SEARCH_USER_PATHS = NO;
				CLANG_ANALYZER_NONNULL = YES;
				CLANG_ANALYZER_NUMBER_OBJECT_CONVERSION = YES_AGGRESSIVE;
				CLANG_CXX_LANGUAGE_STANDARD = "gnu++14";
				CLANG_CXX_LIBRARY = "libc++";
				CLANG_ENABLE_MODULES = YES;
				CLANG_ENABLE_OBJC_ARC = YES;
				CLANG_ENABLE_OBJC_WEAK = YES;
				CLANG_WARN_BLOCK_CAPTURE_AUTORELEASING = YES;
				CLANG_WARN_BOOL_CONVERSION = YES;
				CLANG_WARN_COMMA = YES;
				CLANG_WARN_CONSTANT_CONVERSION = YES;
				CLANG_WARN_DEPRECATED_OBJC_IMPLEMENTATIONS = YES;
				CLANG_WARN_DIRECT_OBJC_ISA_USAGE = YES_ERROR;
				CLANG_WARN_DOCUMENTATION_COMMENTS = YES;
				CLANG_WARN_EMPTY_BODY = YES;
				CLANG_WARN_ENUM_CONVERSION = YES;
				CLANG_WARN_INFINITE_RECURSION = YES;
				CLANG_WARN_INT_CONVERSION = YES;
				CLANG_WARN_NON_LITERAL_NULL_CONVERSION = YES;
				CLANG_WARN_OBJC_IMPLICIT_RETAIN_SELF = YES;
				CLANG_WARN_OBJC_LITERAL_CONVERSION = YES;
				CLANG_WARN_OBJC_ROOT_CLASS = YES_ERROR;
				CLANG_WARN_RANGE_LOOP_ANALYSIS = YES;
				CLANG_WARN_STRICT_PROTOTYPES = YES;
				CLANG_WARN_SUSPICIOUS_MOVE = YES;
				CLANG_WARN_UNGUARDED_AVAILABILITY = YES_AGGRESSIVE;
				CLANG_WARN_UNREACHABLE_CODE = YES;
				CLANG_WARN__DUPLICATE_METHOD_MATCH = YES;
				CODE_SIGN_IDENTITY = "iPhone Developer";
				COPY_PHASE_STRIP = NO;
				DEBUG_INFORMATION_FORMAT = dwarf;
				ENABLE_STRICT_OBJC_MSGSEND = YES;
				ENABLE_TESTABILITY = YES;
				GCC_C_LANGUAGE_STANDARD = gnu11;
				GCC_DYNAMIC_NO_PIC = NO;
				GCC_NO_COMMON_BLOCKS = YES;
				GCC_OPTIMIZATION_LEVEL = 0;
				GCC_PREPROCESSOR_DEFINITIONS = (
					"DEBUG=1",
					"$(inherited)",
				);
				GCC_WARN_64_TO_32_BIT_CONVERSION = YES;
				GCC_WARN_ABOUT_RETURN_TYPE = YES_ERROR;
				GCC_WARN_UNDECLARED_SELECTOR = YES;
				GCC_WARN_UNINITIALIZED_AUTOS = YES_AGGRESSIVE;
				GCC_WARN_UNUSED_FUNCTION = YES;
				GCC_WARN_UNUSED_VARIABLE = YES;
				IPHONEOS_DEPLOYMENT_TARGET = 12.1;
				MTL_ENABLE_DEBUG_INFO = INCLUDE_SOURCE;
				MTL_FAST_MATH = YES;
				ONLY_ACTIVE_ARCH = YES;
				SDKROOT = iphoneos;
				SWIFT_ACTIVE_COMPILATION_CONDITIONS = DEBUG;
				SWIFT_OPTIMIZATION_LEVEL = "-Onone";
			};
			name = Debug;
		};
		A535E0F4228199610005662B /* Release */ = {
			isa = XCBuildConfiguration;
			buildSettings = {
				ALWAYS_SEARCH_USER_PATHS = NO;
				CLANG_ANALYZER_NONNULL = YES;
				CLANG_ANALYZER_NUMBER_OBJECT_CONVERSION = YES_AGGRESSIVE;
				CLANG_CXX_LANGUAGE_STANDARD = "gnu++14";
				CLANG_CXX_LIBRARY = "libc++";
				CLANG_ENABLE_MODULES = YES;
				CLANG_ENABLE_OBJC_ARC = YES;
				CLANG_ENABLE_OBJC_WEAK = YES;
				CLANG_WARN_BLOCK_CAPTURE_AUTORELEASING = YES;
				CLANG_WARN_BOOL_CONVERSION = YES;
				CLANG_WARN_COMMA = YES;
				CLANG_WARN_CONSTANT_CONVERSION = YES;
				CLANG_WARN_DEPRECATED_OBJC_IMPLEMENTATIONS = YES;
				CLANG_WARN_DIRECT_OBJC_ISA_USAGE = YES_ERROR;
				CLANG_WARN_DOCUMENTATION_COMMENTS = YES;
				CLANG_WARN_EMPTY_BODY = YES;
				CLANG_WARN_ENUM_CONVERSION = YES;
				CLANG_WARN_INFINITE_RECURSION = YES;
				CLANG_WARN_INT_CONVERSION = YES;
				CLANG_WARN_NON_LITERAL_NULL_CONVERSION = YES;
				CLANG_WARN_OBJC_IMPLICIT_RETAIN_SELF = YES;
				CLANG_WARN_OBJC_LITERAL_CONVERSION = YES;
				CLANG_WARN_OBJC_ROOT_CLASS = YES_ERROR;
				CLANG_WARN_RANGE_LOOP_ANALYSIS = YES;
				CLANG_WARN_STRICT_PROTOTYPES = YES;
				CLANG_WARN_SUSPICIOUS_MOVE = YES;
				CLANG_WARN_UNGUARDED_AVAILABILITY = YES_AGGRESSIVE;
				CLANG_WARN_UNREACHABLE_CODE = YES;
				CLANG_WARN__DUPLICATE_METHOD_MATCH = YES;
				CODE_SIGN_IDENTITY = "iPhone Developer";
				COPY_PHASE_STRIP = NO;
				DEBUG_INFORMATION_FORMAT = "dwarf-with-dsym";
				ENABLE_NS_ASSERTIONS = NO;
				ENABLE_STRICT_OBJC_MSGSEND = YES;
				GCC_C_LANGUAGE_STANDARD = gnu11;
				GCC_NO_COMMON_BLOCKS = YES;
				GCC_WARN_64_TO_32_BIT_CONVERSION = YES;
				GCC_WARN_ABOUT_RETURN_TYPE = YES_ERROR;
				GCC_WARN_UNDECLARED_SELECTOR = YES;
				GCC_WARN_UNINITIALIZED_AUTOS = YES_AGGRESSIVE;
				GCC_WARN_UNUSED_FUNCTION = YES;
				GCC_WARN_UNUSED_VARIABLE = YES;
				IPHONEOS_DEPLOYMENT_TARGET = 12.1;
				MTL_ENABLE_DEBUG_INFO = NO;
				MTL_FAST_MATH = YES;
				SDKROOT = iphoneos;
				SWIFT_COMPILATION_MODE = wholemodule;
				SWIFT_OPTIMIZATION_LEVEL = "-O";
				VALIDATE_PRODUCT = YES;
			};
			name = Release;
		};
		A535E0F6228199610005662B /* Debug */ = {
			isa = XCBuildConfiguration;
			buildSettings = {
				ASSETCATALOG_COMPILER_APPICON_NAME = AppIcon;
				CODE_SIGN_STYLE = Automatic;
				DEVELOPMENT_TEAM = 444WN3X977;
				INFOPLIST_FILE = TriGlobal_MoverPortal/Info.plist;
				IPHONEOS_DEPLOYMENT_TARGET = 11.0;
				LD_RUNPATH_SEARCH_PATHS = (
					"$(inherited)",
					"@executable_path/Frameworks",
				);
				PRODUCT_BUNDLE_IDENTIFIER = "narekvslife.TriGlobal-MoverPortal";
				PRODUCT_NAME = "$(TARGET_NAME)";
				SWIFT_VERSION = 4.2;
				TARGETED_DEVICE_FAMILY = "1,2";
			};
			name = Debug;
		};
		A535E0F7228199610005662B /* Release */ = {
			isa = XCBuildConfiguration;
			buildSettings = {
				ASSETCATALOG_COMPILER_APPICON_NAME = AppIcon;
				CODE_SIGN_STYLE = Automatic;
				DEVELOPMENT_TEAM = 444WN3X977;
				INFOPLIST_FILE = TriGlobal_MoverPortal/Info.plist;
				IPHONEOS_DEPLOYMENT_TARGET = 11.0;
				LD_RUNPATH_SEARCH_PATHS = (
					"$(inherited)",
					"@executable_path/Frameworks",
				);
				PRODUCT_BUNDLE_IDENTIFIER = "narekvslife.TriGlobal-MoverPortal";
				PRODUCT_NAME = "$(TARGET_NAME)";
				SWIFT_VERSION = 4.2;
				TARGETED_DEVICE_FAMILY = "1,2";
			};
			name = Release;
		};
/* End XCBuildConfiguration section */

/* Begin XCConfigurationList section */
		A535E0DE228199600005662B /* Build configuration list for PBXProject "TriGlobal_MoverPortal" */ = {
			isa = XCConfigurationList;
			buildConfigurations = (
				A535E0F3228199610005662B /* Debug */,
				A535E0F4228199610005662B /* Release */,
			);
			defaultConfigurationIsVisible = 0;
			defaultConfigurationName = Release;
		};
		A535E0F5228199610005662B /* Build configuration list for PBXNativeTarget "TriGlobal_MoverPortal" */ = {
			isa = XCConfigurationList;
			buildConfigurations = (
				A535E0F6228199610005662B /* Debug */,
				A535E0F7228199610005662B /* Release */,
			);
			defaultConfigurationIsVisible = 0;
			defaultConfigurationName = Release;
		};
/* End XCConfigurationList section */
	};
	rootObject = A535E0DB228199600005662B /* Project object */;
}
